
Microsoft Visual Studio Solution File, Format Version 11.00
# Visual Studio 2010
Project("{F2A71F9B-5D33-465A-A702-920D77279786}") = "BasicParallelLoops", "Chapter2\BasicParallelLoops\BasicParallelLoops.fsproj", "{E2CEC694-3213-4450-A012-F3BBF7E24838}"
EndProject
Project("{F2A71F9B-5D33-465A-A702-920D77279786}") = "Utilities", "Utilities\Utilities.fsproj", "{28D39BD7-1335-4A9B-958D-B45B8880198D}"
EndProject
Project("{2150E333-8FDC-42A3-9474-1A3956D46DE8}") = "Chapter2", "Chapter2", "{34FF36C5-1F04-43C4-85B4-E060BE33F064}"
EndProject
Project("{F2A71F9B-5D33-465A-A702-920D77279786}") = "CreditReview", "Chapter2\CreditReview\CreditReview.fsproj", "{436E8E4C-A3E0-416C-B252-30EE31D3435C}"
EndProject
Project("{2150E333-8FDC-42A3-9474-1A3956D46DE8}") = "Solution Items", "Solution Items", "{4320D7BA-1042-40E2-85D1-C019EB20F2D0}"
	ProjectSection(SolutionItems) = preProject
		license.txt = license.txt
		PSeq.fs = PSeq.fs
		README.txt = README.txt
	EndProjectSection
EndProject
Project("{2150E333-8FDC-42A3-9474-1A3956D46DE8}") = "Chapter3", "Chapter3", "{E40331F2-5495-4ED6-9E26-3996F5F2457C}"
EndProject
Project("{F2A71F9B-5D33-465A-A702-920D77279786}") = "BasicTaskSamples", "Chapter3\BasicTaskSamples\BasicTaskSamples.fsproj", "{8BFDBF73-0231-4138-A379-651D47AC66EC}"
EndProject
Project("{F2A71F9B-5D33-465A-A702-920D77279786}") = "ImageBlender", "Chapter3\ImageBlender\ImageBlender.fsproj", "{3909B0A3-DE03-4798-8192-9238966F4C6F}"
EndProject
Project("{2150E333-8FDC-42A3-9474-1A3956D46DE8}") = "Chapter4", "Chapter4", "{A6AAED8A-914D-4FC5-9056-E9B7F64087C5}"
EndProject
Project("{F2A71F9B-5D33-465A-A702-920D77279786}") = "BasicAggregation", "Chapter4\BasicAggregation\BasicAggregation.fsproj", "{96B8B98C-8149-4E20-9271-49C1AD9D36E2}"
EndProject
Project("{F2A71F9B-5D33-465A-A702-920D77279786}") = "AggregateSimulation", "Chapter4\AggregateSimulation\AggregateSimulation.fsproj", "{34D689E6-003C-47D1-AA33-8CA0CE9CD498}"
EndProject
Project("{F2A71F9B-5D33-465A-A702-920D77279786}") = "SocialNetwork", "Chapter4\SocialNetwork\SocialNetwork.fsproj", "{E29D2DB9-3125-4D77-8148-565BCDFBA8E3}"
EndProject
Project("{2150E333-8FDC-42A3-9474-1A3956D46DE8}") = "Chapter5", "Chapter5", "{5673DC7B-CA34-45DA-99DA-F15D727DDE84}"
EndProject
Project("{F2A71F9B-5D33-465A-A702-920D77279786}") = "BasicFutures", "Chapter5\BasicFutures\BasicFutures.fsproj", "{E7631FF8-9FE5-417F-9598-99FE0D76DBAF}"
EndProject
Project("{F2A71F9B-5D33-465A-A702-920D77279786}") = "A-Dash", "Chapter5\A-Dash\A-Dash.fsproj", "{BA9E775B-C15C-4BF4-BF33-CFFA67E793D6}"
EndProject
Project("{2150E333-8FDC-42A3-9474-1A3956D46DE8}") = "SampleData", "SampleData", "{E7DE7CD9-FCB0-4441-917F-D01114A4C0D5}"
	ProjectSection(SolutionItems) = preProject
		SampleData\butterfly.jpg = SampleData\butterfly.jpg
		SampleData\dog.jpg = SampleData\dog.jpg
		SampleData\flowers.jpg = SampleData\flowers.jpg
	EndProjectSection
EndProject
Project("{2150E333-8FDC-42A3-9474-1A3956D46DE8}") = "Chapter6", "Chapter6", "{4F767742-7AAD-43BD-8760-99C27C200FB7}"
EndProject
Project("{F2A71F9B-5D33-465A-A702-920D77279786}") = "BasicDynamicTasks", "Chapter6\BasicDynamicTasks\BasicDynamicTasks.fsproj", "{946B0FFD-A898-4E66-BF3D-F1294D24CF98}"
EndProject
Project("{F2A71F9B-5D33-465A-A702-920D77279786}") = "ParallelSort", "Chapter6\ParallelSort\ParallelSort.fsproj", "{01EA1E2D-7650-4C54-91A3-FE9EDE0321F8}"
EndProject
Project("{2150E333-8FDC-42A3-9474-1A3956D46DE8}") = "Chapter7", "Chapter7", "{9F3C9724-4C97-40B4-8C8F-DDADF8432111}"
EndProject
Project("{F2A71F9B-5D33-465A-A702-920D77279786}") = "BasicPipeline", "Chapter7\BasicPipeline\BasicPipeline.fsproj", "{538D953E-EF3E-46C9-9C6E-726BC18A09B3}"
EndProject
Project("{F2A71F9B-5D33-465A-A702-920D77279786}") = "ImagePipeline", "Chapter7\ImagePipeline\ImagePipeline.fsproj", "{F59542F9-87C6-4D0F-8A8D-C1F029178346}"
EndProject
Project("{FAE04EC0-301F-11D3-BF4B-00C04F79EFBC}") = "ImagePipeline.Gui", "Chapter7\ImagePipeline.Gui\ImagePipeline.Gui.csproj", "{A1642DFD-2BF4-4A8E-BE1D-9C74352E0BFC}"
EndProject
Project("{2150E333-8FDC-42A3-9474-1A3956D46DE8}") = "Appendix A", "Appendix A", "{A1C17726-82B3-4B97-A7C8-38B4C3C5E4AB}"
EndProject
Project("{F2A71F9B-5D33-465A-A702-920D77279786}") = "RelatedPatterns", "Appendix A\RelatedPatterns\RelatedPatterns.fsproj", "{AD2E6F3F-35AF-4EB1-A154-A24BA8264182}"
EndProject
Project("{2150E333-8FDC-42A3-9474-1A3956D46DE8}") = "Appendix B", "Appendix B", "{BACB2837-4FCB-4AB9-9649-3CB391633848}"
EndProject
Project("{F2A71F9B-5D33-465A-A702-920D77279786}") = "ProfilerExamples", "Appendix B\ProfilerExamples\ProfilerExamples.fsproj", "{00BBC68E-0A91-4294-919F-D8A027A373CE}"
EndProject
Global
	GlobalSection(SolutionConfigurationPlatforms) = preSolution
		Debug|Any CPU = Debug|Any CPU
		Release|Any CPU = Release|Any CPU
	EndGlobalSection
	GlobalSection(ProjectConfigurationPlatforms) = postSolution
		{E2CEC694-3213-4450-A012-F3BBF7E24838}.Debug|Any CPU.ActiveCfg = Debug|Any CPU
		{E2CEC694-3213-4450-A012-F3BBF7E24838}.Debug|Any CPU.Build.0 = Debug|Any CPU
		{E2CEC694-3213-4450-A012-F3BBF7E24838}.Release|Any CPU.ActiveCfg = Release|x86
		{28D39BD7-1335-4A9B-958D-B45B8880198D}.Debug|Any CPU.ActiveCfg = Debug|Any CPU
		{28D39BD7-1335-4A9B-958D-B45B8880198D}.Debug|Any CPU.Build.0 = Debug|Any CPU
		{28D39BD7-1335-4A9B-958D-B45B8880198D}.Release|Any CPU.ActiveCfg = Release|Any CPU
		{28D39BD7-1335-4A9B-958D-B45B8880198D}.Release|Any CPU.Build.0 = Release|Any CPU
		{436E8E4C-A3E0-416C-B252-30EE31D3435C}.Debug|Any CPU.ActiveCfg = Debug|Any CPU
		{436E8E4C-A3E0-416C-B252-30EE31D3435C}.Debug|Any CPU.Build.0 = Debug|Any CPU
		{436E8E4C-A3E0-416C-B252-30EE31D3435C}.Release|Any CPU.ActiveCfg = Release|x86
		{8BFDBF73-0231-4138-A379-651D47AC66EC}.Debug|Any CPU.ActiveCfg = Debug|Any CPU
		{8BFDBF73-0231-4138-A379-651D47AC66EC}.Debug|Any CPU.Build.0 = Debug|Any CPU
		{8BFDBF73-0231-4138-A379-651D47AC66EC}.Release|Any CPU.ActiveCfg = Release|x86
		{3909B0A3-DE03-4798-8192-9238966F4C6F}.Debug|Any CPU.ActiveCfg = Debug|Any CPU
		{3909B0A3-DE03-4798-8192-9238966F4C6F}.Debug|Any CPU.Build.0 = Debug|Any CPU
		{3909B0A3-DE03-4798-8192-9238966F4C6F}.Release|Any CPU.ActiveCfg = Release|x86
		{96B8B98C-8149-4E20-9271-49C1AD9D36E2}.Debug|Any CPU.ActiveCfg = Debug|Any CPU
		{96B8B98C-8149-4E20-9271-49C1AD9D36E2}.Debug|Any CPU.Build.0 = Debug|Any CPU
		{96B8B98C-8149-4E20-9271-49C1AD9D36E2}.Release|Any CPU.ActiveCfg = Release|x86
		{34D689E6-003C-47D1-AA33-8CA0CE9CD498}.Debug|Any CPU.ActiveCfg = Debug|Any CPU
		{34D689E6-003C-47D1-AA33-8CA0CE9CD498}.Debug|Any CPU.Build.0 = Debug|Any CPU
		{34D689E6-003C-47D1-AA33-8CA0CE9CD498}.Release|Any CPU.ActiveCfg = Release|x86
		{E29D2DB9-3125-4D77-8148-565BCDFBA8E3}.Debug|Any CPU.ActiveCfg = Debug|Any CPU
		{E29D2DB9-3125-4D77-8148-565BCDFBA8E3}.Debug|Any CPU.Build.0 = Debug|Any CPU
		{E29D2DB9-3125-4D77-8148-565BCDFBA8E3}.Release|Any CPU.ActiveCfg = Release|x86
		{E7631FF8-9FE5-417F-9598-99FE0D76DBAF}.Debug|Any CPU.ActiveCfg = Debug|Any CPU
		{E7631FF8-9FE5-417F-9598-99FE0D76DBAF}.Debug|Any CPU.Build.0 = Debug|Any CPU
		{E7631FF8-9FE5-417F-9598-99FE0D76DBAF}.Release|Any CPU.ActiveCfg = Release|x86
		{BA9E775B-C15C-4BF4-BF33-CFFA67E793D6}.Debug|Any CPU.ActiveCfg = Debug|Any CPU
		{BA9E775B-C15C-4BF4-BF33-CFFA67E793D6}.Debug|Any CPU.Build.0 = Debug|Any CPU
		{BA9E775B-C15C-4BF4-BF33-CFFA67E793D6}.Release|Any CPU.ActiveCfg = Release|x86
		{946B0FFD-A898-4E66-BF3D-F1294D24CF98}.Debug|Any CPU.ActiveCfg = Debug|Any CPU
		{946B0FFD-A898-4E66-BF3D-F1294D24CF98}.Debug|Any CPU.Build.0 = Debug|Any CPU
		{946B0FFD-A898-4E66-BF3D-F1294D24CF98}.Release|Any CPU.ActiveCfg = Release|x86
		{01EA1E2D-7650-4C54-91A3-FE9EDE0321F8}.Debug|Any CPU.ActiveCfg = Debug|Any CPU
		{01EA1E2D-7650-4C54-91A3-FE9EDE0321F8}.Debug|Any CPU.Build.0 = Debug|Any CPU
		{01EA1E2D-7650-4C54-91A3-FE9EDE0321F8}.Release|Any CPU.ActiveCfg = Release|x86
		{538D953E-EF3E-46C9-9C6E-726BC18A09B3}.Debug|Any CPU.ActiveCfg = Debug|Any CPU
		{538D953E-EF3E-46C9-9C6E-726BC18A09B3}.Debug|Any CPU.Build.0 = Debug|Any CPU
		{538D953E-EF3E-46C9-9C6E-726BC18A09B3}.Release|Any CPU.ActiveCfg = Release|x86
		{F59542F9-87C6-4D0F-8A8D-C1F029178346}.Debug|Any CPU.ActiveCfg = Debug|Any CPU
		{F59542F9-87C6-4D0F-8A8D-C1F029178346}.Debug|Any CPU.Build.0 = Debug|Any CPU
		{F59542F9-87C6-4D0F-8A8D-C1F029178346}.Release|Any CPU.ActiveCfg = Release|x86
		{A1642DFD-2BF4-4A8E-BE1D-9C74352E0BFC}.Debug|Any CPU.ActiveCfg = Debug|Any CPU
		{A1642DFD-2BF4-4A8E-BE1D-9C74352E0BFC}.Debug|Any CPU.Build.0 = Debug|Any CPU
		{A1642DFD-2BF4-4A8E-BE1D-9C74352E0BFC}.Release|Any CPU.ActiveCfg = Release|x86
		{AD2E6F3F-35AF-4EB1-A154-A24BA8264182}.Debug|Any CPU.ActiveCfg = Debug|Any CPU
		{AD2E6F3F-35AF-4EB1-A154-A24BA8264182}.Debug|Any CPU.Build.0 = Debug|Any CPU
		{AD2E6F3F-35AF-4EB1-A154-A24BA8264182}.Release|Any CPU.ActiveCfg = Release|x86
		{00BBC68E-0A91-4294-919F-D8A027A373CE}.Debug|Any CPU.ActiveCfg = Debug|Any CPU
		{00BBC68E-0A91-4294-919F-D8A027A373CE}.Debug|Any CPU.Build.0 = Debug|Any CPU
		{00BBC68E-0A91-4294-919F-D8A027A373CE}.Release|Any CPU.ActiveCfg = Release|x86
	EndGlobalSection
	GlobalSection(SolutionProperties) = preSolution
		HideSolutionNode = FALSE
	EndGlobalSection
	GlobalSection(NestedProjects) = preSolution
		{E2CEC694-3213-4450-A012-F3BBF7E24838} = {34FF36C5-1F04-43C4-85B4-E060BE33F064}
		{436E8E4C-A3E0-416C-B252-30EE31D3435C} = {34FF36C5-1F04-43C4-85B4-E060BE33F064}
		{8BFDBF73-0231-4138-A379-651D47AC66EC} = {E40331F2-5495-4ED6-9E26-3996F5F2457C}
		{3909B0A3-DE03-4798-8192-9238966F4C6F} = {E40331F2-5495-4ED6-9E26-3996F5F2457C}
		{96B8B98C-8149-4E20-9271-49C1AD9D36E2} = {A6AAED8A-914D-4FC5-9056-E9B7F64087C5}
		{34D689E6-003C-47D1-AA33-8CA0CE9CD498} = {A6AAED8A-914D-4FC5-9056-E9B7F64087C5}
		{E29D2DB9-3125-4D77-8148-565BCDFBA8E3} = {A6AAED8A-914D-4FC5-9056-E9B7F64087C5}
		{E7631FF8-9FE5-417F-9598-99FE0D76DBAF} = {5673DC7B-CA34-45DA-99DA-F15D727DDE84}
		{BA9E775B-C15C-4BF4-BF33-CFFA67E793D6} = {5673DC7B-CA34-45DA-99DA-F15D727DDE84}
		{946B0FFD-A898-4E66-BF3D-F1294D24CF98} = {4F767742-7AAD-43BD-8760-99C27C200FB7}
		{01EA1E2D-7650-4C54-91A3-FE9EDE0321F8} = {4F767742-7AAD-43BD-8760-99C27C200FB7}
		{538D953E-EF3E-46C9-9C6E-726BC18A09B3} = {9F3C9724-4C97-40B4-8C8F-DDADF8432111}
		{F59542F9-87C6-4D0F-8A8D-C1F029178346} = {9F3C9724-4C97-40B4-8C8F-DDADF8432111}
		{A1642DFD-2BF4-4A8E-BE1D-9C74352E0BFC} = {9F3C9724-4C97-40B4-8C8F-DDADF8432111}
		{AD2E6F3F-35AF-4EB1-A154-A24BA8264182} = {A1C17726-82B3-4B97-A7C8-38B4C3C5E4AB}
		{00BBC68E-0A91-4294-919F-D8A027A373CE} = {BACB2837-4FCB-4AB9-9649-3CB391633848}
	EndGlobalSection
EndGlobal
