
Microsoft Visual Studio Solution File, Format Version 11.00
# Visual Studio 2010
Project("{FAE04EC0-301F-11D3-BF4B-00C04F79EFBC}") = "WebFSharp1", "WebFSharp1\WebFSharp1.csproj", "{A2C69A56-598D-489B-B2AE-6B9EF4037CAD}"
EndProject
Project("{F2A71F9B-5D33-465A-A702-920D77279786}") = "Backend", "Backend\Backend.fsproj", "{501FB784-D055-418E-A37F-CC0EC4D84E4D}"
EndProject
Project("{FAE04EC0-301F-11D3-BF4B-00C04F79EFBC}") = "Dao", "Dao\Dao.csproj", "{DFFF067A-EC8B-42FC-9C25-EF3309E91DD7}"
EndProject
Global
	GlobalSection(SolutionConfigurationPlatforms) = preSolution
		Debug|Any CPU = Debug|Any CPU
		Release|Any CPU = Release|Any CPU
	EndGlobalSection
	GlobalSection(ProjectConfigurationPlatforms) = postSolution
		{A2C69A56-598D-489B-B2AE-6B9EF4037CAD}.Debug|Any CPU.ActiveCfg = Debug|Any CPU
		{A2C69A56-598D-489B-B2AE-6B9EF4037CAD}.Debug|Any CPU.Build.0 = Debug|Any CPU
		{A2C69A56-598D-489B-B2AE-6B9EF4037CAD}.Release|Any CPU.ActiveCfg = Release|Any CPU
		{A2C69A56-598D-489B-B2AE-6B9EF4037CAD}.Release|Any CPU.Build.0 = Release|Any CPU
		{501FB784-D055-418E-A37F-CC0EC4D84E4D}.Debug|Any CPU.ActiveCfg = Debug|Any CPU
		{501FB784-D055-418E-A37F-CC0EC4D84E4D}.Debug|Any CPU.Build.0 = Debug|Any CPU
		{501FB784-D055-418E-A37F-CC0EC4D84E4D}.Release|Any CPU.ActiveCfg = Release|Any CPU
		{501FB784-D055-418E-A37F-CC0EC4D84E4D}.Release|Any CPU.Build.0 = Release|Any CPU
		{DFFF067A-EC8B-42FC-9C25-EF3309E91DD7}.Debug|Any CPU.ActiveCfg = Debug|Any CPU
		{DFFF067A-EC8B-42FC-9C25-EF3309E91DD7}.Debug|Any CPU.Build.0 = Debug|Any CPU
		{DFFF067A-EC8B-42FC-9C25-EF3309E91DD7}.Release|Any CPU.ActiveCfg = Release|Any CPU
		{DFFF067A-EC8B-42FC-9C25-EF3309E91DD7}.Release|Any CPU.Build.0 = Release|Any CPU
	EndGlobalSection
	GlobalSection(SolutionProperties) = preSolution
		HideSolutionNode = FALSE
	EndGlobalSection
EndGlobal
