
Microsoft Visual Studio Solution File, Format Version 11.00
# Visual Studio 2010
Project("{2150E333-8FDC-42A3-9474-1A3956D46DE8}") = "Appendix A", "Appendix A", "{D04607F0-89B5-4A0B-9D66-728866BD7530}"
EndProject
Project("{2150E333-8FDC-42A3-9474-1A3956D46DE8}") = "Chapter2", "Chapter2", "{9F7B9BAC-362E-4560-A086-762FFA1A0695}"
EndProject
Project("{2150E333-8FDC-42A3-9474-1A3956D46DE8}") = "Chapter3", "Chapter3", "{1E5AF547-C976-422C-818F-0589FBA07207}"
EndProject
Project("{2150E333-8FDC-42A3-9474-1A3956D46DE8}") = "Chapter4", "Chapter4", "{53985F2B-A570-48C9-A1F6-FC20529C5B7A}"
EndProject
Project("{2150E333-8FDC-42A3-9474-1A3956D46DE8}") = "Chapter5", "Chapter5", "{8ED32D91-0861-4FEC-BD36-8A2DD4CF926C}"
EndProject
Project("{2150E333-8FDC-42A3-9474-1A3956D46DE8}") = "Chapter6", "Chapter6", "{39193B55-2B05-48C3-9A15-4A1897B92062}"
EndProject
Project("{2150E333-8FDC-42A3-9474-1A3956D46DE8}") = "Chapter7", "Chapter7", "{BD2BA32B-7E12-4058-A62B-5AFDFD16DABB}"
EndProject
Project("{2150E333-8FDC-42A3-9474-1A3956D46DE8}") = "SampleData", "SampleData", "{1BEA9EA5-190B-4235-8B45-61C27FEA2D8F}"
	ProjectSection(SolutionItems) = preProject
		SampleData\butterfly.jpg = SampleData\butterfly.jpg
		SampleData\dog.jpg = SampleData\dog.jpg
		SampleData\flowers.jpg = SampleData\flowers.jpg
	EndProjectSection
EndProject
Project("{FAE04EC0-301F-11D3-BF4B-00C04F79EFBC}") = "Utilities", "Utilities\Utilities.csproj", "{CF12D5B8-3A66-4929-928A-CF8525B52820}"
EndProject
Project("{FAE04EC0-301F-11D3-BF4B-00C04F79EFBC}") = "RelatedPatterns", "Appendix A\Examples\RelatedPatterns.csproj", "{1CCD7757-C2BF-4D06-8FF4-4AE0E01832AF}"
EndProject
Project("{FAE04EC0-301F-11D3-BF4B-00C04F79EFBC}") = "BasicParallelLoops", "Chapter2\BasicParallelLoops\BasicParallelLoops.csproj", "{1B58B135-FF3C-40C7-895B-497E1AF1CF9B}"
EndProject
Project("{FAE04EC0-301F-11D3-BF4B-00C04F79EFBC}") = "CreditReview", "Chapter2\CreditReview\CreditReview.csproj", "{31F65ACE-264C-4E37-BB43-B3032B103A03}"
EndProject
Project("{FAE04EC0-301F-11D3-BF4B-00C04F79EFBC}") = "BasicParallelTasks", "Chapter3\BasicTaskSamples\BasicParallelTasks.csproj", "{62952AB8-7D4B-4032-83E0-2B1265ACB24E}"
EndProject
Project("{FAE04EC0-301F-11D3-BF4B-00C04F79EFBC}") = "ImageBlender", "Chapter3\ImageBlender\ImageBlender.csproj", "{01CF4BC7-B2B8-44E6-B76A-477362B1BBBF}"
EndProject
Project("{FAE04EC0-301F-11D3-BF4B-00C04F79EFBC}") = "AggregateSimulation", "Chapter4\AggregateSimulation\AggregateSimulation.csproj", "{BB1C5F88-3562-45A8-B931-525253AED9A5}"
EndProject
Project("{FAE04EC0-301F-11D3-BF4B-00C04F79EFBC}") = "BasicAggregation", "Chapter4\BasicAggregation\BasicAggregation.csproj", "{A87DBC29-C7B8-4A10-97EA-943E5D9D5926}"
EndProject
Project("{FAE04EC0-301F-11D3-BF4B-00C04F79EFBC}") = "SocialNetwork", "Chapter4\SocialNetwork\SocialNetwork.csproj", "{07B69BAC-3A66-44DE-AAEE-CA162F07B65C}"
EndProject
Project("{FAE04EC0-301F-11D3-BF4B-00C04F79EFBC}") = "BasicFutures", "Chapter5\BasicFutures\BasicFutures.csproj", "{88D87305-D3E3-4FA3-91F8-AA522F3CCCB3}"
EndProject
Project("{FAE04EC0-301F-11D3-BF4B-00C04F79EFBC}") = "A-Dash", "Chapter5\a-Dash\A-Dash.csproj", "{36BE1095-6B34-4543-9BF2-AD7F3F88860F}"
EndProject
Project("{FAE04EC0-301F-11D3-BF4B-00C04F79EFBC}") = "BasicDynamicTasks", "Chapter6\BasicDynamicTaskExamples\BasicDynamicTasks.csproj", "{4B654EF5-2C06-450E-A1DF-224CD4348F28}"
EndProject
Project("{FAE04EC0-301F-11D3-BF4B-00C04F79EFBC}") = "ParallelSort", "Chapter6\ParallelSort\ParallelSort.csproj", "{48B209F8-2A87-4C69-BDC0-BEA69805A7E4}"
EndProject
Project("{FAE04EC0-301F-11D3-BF4B-00C04F79EFBC}") = "BasicPipeline", "Chapter7\BasicPipelineExamples\BasicPipeline.csproj", "{CFFC874B-17AA-4D72-86E8-BDC12BF84775}"
EndProject
Project("{FAE04EC0-301F-11D3-BF4B-00C04F79EFBC}") = "ImagePipeline", "Chapter7\ImagePipeline\ImagePipeline.csproj", "{5C825D35-9E7E-47C0-8FDD-303A62F5675A}"
EndProject
Project("{2150E333-8FDC-42A3-9474-1A3956D46DE8}") = "Solution Items", "Solution Items", "{3F8022E2-C88A-437B-91B6-D8971EB4E757}"
	ProjectSection(SolutionItems) = preProject
		license.txt = license.txt
		README.txt = README.txt
		Samples.ruleset = Samples.ruleset
	EndProjectSection
EndProject
Project("{2150E333-8FDC-42A3-9474-1A3956D46DE8}") = "Appendix B", "Appendix B", "{9BBA8615-A522-428D-B80C-6B1CC6376622}"
EndProject
Project("{FAE04EC0-301F-11D3-BF4B-00C04F79EFBC}") = "ProfilerExamples", "Appendix B\ProfilerExamples\ProfilerExamples.csproj", "{971CA891-E28F-4AE7-87E0-D060C2A665FB}"
EndProject
Global
	GlobalSection(SolutionConfigurationPlatforms) = preSolution
		Debug|Any CPU = Debug|Any CPU
		Release|Any CPU = Release|Any CPU
	EndGlobalSection
	GlobalSection(ProjectConfigurationPlatforms) = postSolution
		{CF12D5B8-3A66-4929-928A-CF8525B52820}.Debug|Any CPU.ActiveCfg = Debug|Any CPU
		{CF12D5B8-3A66-4929-928A-CF8525B52820}.Debug|Any CPU.Build.0 = Debug|Any CPU
		{CF12D5B8-3A66-4929-928A-CF8525B52820}.Release|Any CPU.ActiveCfg = Release|Any CPU
		{CF12D5B8-3A66-4929-928A-CF8525B52820}.Release|Any CPU.Build.0 = Release|Any CPU
		{1CCD7757-C2BF-4D06-8FF4-4AE0E01832AF}.Debug|Any CPU.ActiveCfg = Debug|Any CPU
		{1CCD7757-C2BF-4D06-8FF4-4AE0E01832AF}.Debug|Any CPU.Build.0 = Debug|Any CPU
		{1CCD7757-C2BF-4D06-8FF4-4AE0E01832AF}.Release|Any CPU.ActiveCfg = Release|Any CPU
		{1CCD7757-C2BF-4D06-8FF4-4AE0E01832AF}.Release|Any CPU.Build.0 = Release|Any CPU
		{1B58B135-FF3C-40C7-895B-497E1AF1CF9B}.Debug|Any CPU.ActiveCfg = Debug|Any CPU
		{1B58B135-FF3C-40C7-895B-497E1AF1CF9B}.Debug|Any CPU.Build.0 = Debug|Any CPU
		{1B58B135-FF3C-40C7-895B-497E1AF1CF9B}.Release|Any CPU.ActiveCfg = Release|Any CPU
		{1B58B135-FF3C-40C7-895B-497E1AF1CF9B}.Release|Any CPU.Build.0 = Release|Any CPU
		{31F65ACE-264C-4E37-BB43-B3032B103A03}.Debug|Any CPU.ActiveCfg = Debug|Any CPU
		{31F65ACE-264C-4E37-BB43-B3032B103A03}.Debug|Any CPU.Build.0 = Debug|Any CPU
		{31F65ACE-264C-4E37-BB43-B3032B103A03}.Release|Any CPU.ActiveCfg = Release|Any CPU
		{31F65ACE-264C-4E37-BB43-B3032B103A03}.Release|Any CPU.Build.0 = Release|Any CPU
		{62952AB8-7D4B-4032-83E0-2B1265ACB24E}.Debug|Any CPU.ActiveCfg = Debug|Any CPU
		{62952AB8-7D4B-4032-83E0-2B1265ACB24E}.Debug|Any CPU.Build.0 = Debug|Any CPU
		{62952AB8-7D4B-4032-83E0-2B1265ACB24E}.Release|Any CPU.ActiveCfg = Release|Any CPU
		{62952AB8-7D4B-4032-83E0-2B1265ACB24E}.Release|Any CPU.Build.0 = Release|Any CPU
		{01CF4BC7-B2B8-44E6-B76A-477362B1BBBF}.Debug|Any CPU.ActiveCfg = Debug|Any CPU
		{01CF4BC7-B2B8-44E6-B76A-477362B1BBBF}.Debug|Any CPU.Build.0 = Debug|Any CPU
		{01CF4BC7-B2B8-44E6-B76A-477362B1BBBF}.Release|Any CPU.ActiveCfg = Release|Any CPU
		{01CF4BC7-B2B8-44E6-B76A-477362B1BBBF}.Release|Any CPU.Build.0 = Release|Any CPU
		{BB1C5F88-3562-45A8-B931-525253AED9A5}.Debug|Any CPU.ActiveCfg = Debug|Any CPU
		{BB1C5F88-3562-45A8-B931-525253AED9A5}.Debug|Any CPU.Build.0 = Debug|Any CPU
		{BB1C5F88-3562-45A8-B931-525253AED9A5}.Release|Any CPU.ActiveCfg = Release|Any CPU
		{BB1C5F88-3562-45A8-B931-525253AED9A5}.Release|Any CPU.Build.0 = Release|Any CPU
		{A87DBC29-C7B8-4A10-97EA-943E5D9D5926}.Debug|Any CPU.ActiveCfg = Debug|Any CPU
		{A87DBC29-C7B8-4A10-97EA-943E5D9D5926}.Debug|Any CPU.Build.0 = Debug|Any CPU
		{A87DBC29-C7B8-4A10-97EA-943E5D9D5926}.Release|Any CPU.ActiveCfg = Release|Any CPU
		{A87DBC29-C7B8-4A10-97EA-943E5D9D5926}.Release|Any CPU.Build.0 = Release|Any CPU
		{07B69BAC-3A66-44DE-AAEE-CA162F07B65C}.Debug|Any CPU.ActiveCfg = Debug|Any CPU
		{07B69BAC-3A66-44DE-AAEE-CA162F07B65C}.Debug|Any CPU.Build.0 = Debug|Any CPU
		{07B69BAC-3A66-44DE-AAEE-CA162F07B65C}.Release|Any CPU.ActiveCfg = Release|Any CPU
		{07B69BAC-3A66-44DE-AAEE-CA162F07B65C}.Release|Any CPU.Build.0 = Release|Any CPU
		{88D87305-D3E3-4FA3-91F8-AA522F3CCCB3}.Debug|Any CPU.ActiveCfg = Debug|Any CPU
		{88D87305-D3E3-4FA3-91F8-AA522F3CCCB3}.Debug|Any CPU.Build.0 = Debug|Any CPU
		{88D87305-D3E3-4FA3-91F8-AA522F3CCCB3}.Release|Any CPU.ActiveCfg = Release|Any CPU
		{88D87305-D3E3-4FA3-91F8-AA522F3CCCB3}.Release|Any CPU.Build.0 = Release|Any CPU
		{36BE1095-6B34-4543-9BF2-AD7F3F88860F}.Debug|Any CPU.ActiveCfg = Debug|Any CPU
		{36BE1095-6B34-4543-9BF2-AD7F3F88860F}.Debug|Any CPU.Build.0 = Debug|Any CPU
		{36BE1095-6B34-4543-9BF2-AD7F3F88860F}.Release|Any CPU.ActiveCfg = Release|Any CPU
		{36BE1095-6B34-4543-9BF2-AD7F3F88860F}.Release|Any CPU.Build.0 = Release|Any CPU
		{4B654EF5-2C06-450E-A1DF-224CD4348F28}.Debug|Any CPU.ActiveCfg = Debug|Any CPU
		{4B654EF5-2C06-450E-A1DF-224CD4348F28}.Debug|Any CPU.Build.0 = Debug|Any CPU
		{4B654EF5-2C06-450E-A1DF-224CD4348F28}.Release|Any CPU.ActiveCfg = Release|Any CPU
		{4B654EF5-2C06-450E-A1DF-224CD4348F28}.Release|Any CPU.Build.0 = Release|Any CPU
		{48B209F8-2A87-4C69-BDC0-BEA69805A7E4}.Debug|Any CPU.ActiveCfg = Debug|Any CPU
		{48B209F8-2A87-4C69-BDC0-BEA69805A7E4}.Debug|Any CPU.Build.0 = Debug|Any CPU
		{48B209F8-2A87-4C69-BDC0-BEA69805A7E4}.Release|Any CPU.ActiveCfg = Release|Any CPU
		{48B209F8-2A87-4C69-BDC0-BEA69805A7E4}.Release|Any CPU.Build.0 = Release|Any CPU
		{CFFC874B-17AA-4D72-86E8-BDC12BF84775}.Debug|Any CPU.ActiveCfg = Debug|Any CPU
		{CFFC874B-17AA-4D72-86E8-BDC12BF84775}.Debug|Any CPU.Build.0 = Debug|Any CPU
		{CFFC874B-17AA-4D72-86E8-BDC12BF84775}.Release|Any CPU.ActiveCfg = Release|Any CPU
		{CFFC874B-17AA-4D72-86E8-BDC12BF84775}.Release|Any CPU.Build.0 = Release|Any CPU
		{5C825D35-9E7E-47C0-8FDD-303A62F5675A}.Debug|Any CPU.ActiveCfg = Debug|Any CPU
		{5C825D35-9E7E-47C0-8FDD-303A62F5675A}.Debug|Any CPU.Build.0 = Debug|Any CPU
		{5C825D35-9E7E-47C0-8FDD-303A62F5675A}.Release|Any CPU.ActiveCfg = Release|Any CPU
		{5C825D35-9E7E-47C0-8FDD-303A62F5675A}.Release|Any CPU.Build.0 = Release|Any CPU
		{971CA891-E28F-4AE7-87E0-D060C2A665FB}.Debug|Any CPU.ActiveCfg = Debug|Any CPU
		{971CA891-E28F-4AE7-87E0-D060C2A665FB}.Debug|Any CPU.Build.0 = Debug|Any CPU
		{971CA891-E28F-4AE7-87E0-D060C2A665FB}.Release|Any CPU.ActiveCfg = Release|Any CPU
		{971CA891-E28F-4AE7-87E0-D060C2A665FB}.Release|Any CPU.Build.0 = Release|Any CPU
	EndGlobalSection
	GlobalSection(SolutionProperties) = preSolution
		HideSolutionNode = FALSE
	EndGlobalSection
	GlobalSection(NestedProjects) = preSolution
		{1CCD7757-C2BF-4D06-8FF4-4AE0E01832AF} = {D04607F0-89B5-4A0B-9D66-728866BD7530}
		{1B58B135-FF3C-40C7-895B-497E1AF1CF9B} = {9F7B9BAC-362E-4560-A086-762FFA1A0695}
		{31F65ACE-264C-4E37-BB43-B3032B103A03} = {9F7B9BAC-362E-4560-A086-762FFA1A0695}
		{62952AB8-7D4B-4032-83E0-2B1265ACB24E} = {1E5AF547-C976-422C-818F-0589FBA07207}
		{01CF4BC7-B2B8-44E6-B76A-477362B1BBBF} = {1E5AF547-C976-422C-818F-0589FBA07207}
		{BB1C5F88-3562-45A8-B931-525253AED9A5} = {53985F2B-A570-48C9-A1F6-FC20529C5B7A}
		{A87DBC29-C7B8-4A10-97EA-943E5D9D5926} = {53985F2B-A570-48C9-A1F6-FC20529C5B7A}
		{07B69BAC-3A66-44DE-AAEE-CA162F07B65C} = {53985F2B-A570-48C9-A1F6-FC20529C5B7A}
		{88D87305-D3E3-4FA3-91F8-AA522F3CCCB3} = {8ED32D91-0861-4FEC-BD36-8A2DD4CF926C}
		{36BE1095-6B34-4543-9BF2-AD7F3F88860F} = {8ED32D91-0861-4FEC-BD36-8A2DD4CF926C}
		{4B654EF5-2C06-450E-A1DF-224CD4348F28} = {39193B55-2B05-48C3-9A15-4A1897B92062}
		{48B209F8-2A87-4C69-BDC0-BEA69805A7E4} = {39193B55-2B05-48C3-9A15-4A1897B92062}
		{CFFC874B-17AA-4D72-86E8-BDC12BF84775} = {BD2BA32B-7E12-4058-A62B-5AFDFD16DABB}
		{5C825D35-9E7E-47C0-8FDD-303A62F5675A} = {BD2BA32B-7E12-4058-A62B-5AFDFD16DABB}
		{971CA891-E28F-4AE7-87E0-D060C2A665FB} = {9BBA8615-A522-428D-B80C-6B1CC6376622}
	EndGlobalSection
EndGlobal
