
Microsoft Visual Studio Solution File, Format Version 11.00
# Visual Studio 2010
Project("{F2A71F9B-5D33-465A-A702-920D77279786}") = "Kitty", "Kitty\Kitty.fsproj", "{C4B7CD4B-0CF4-4C99-9456-FD859B202E5D}"
EndProject
Project("{F2A71F9B-5D33-465A-A702-920D77279786}") = "LexingAndParsing", "LexingAndParsing\LexingAndParsing.fsproj", "{5E7D5F87-5C24-4514-B20F-669C793E088F}"
EndProject
Global
	GlobalSection(SolutionConfigurationPlatforms) = preSolution
		Debug|Any CPU = Debug|Any CPU
		Debug|Mixed Platforms = Debug|Mixed Platforms
		Debug|x86 = Debug|x86
		Release|Any CPU = Release|Any CPU
		Release|Mixed Platforms = Release|Mixed Platforms
		Release|x86 = Release|x86
	EndGlobalSection
	GlobalSection(ProjectConfigurationPlatforms) = postSolution
		{C4B7CD4B-0CF4-4C99-9456-FD859B202E5D}.Debug|Any CPU.ActiveCfg = Debug|x86
		{C4B7CD4B-0CF4-4C99-9456-FD859B202E5D}.Debug|Mixed Platforms.ActiveCfg = Debug|x86
		{C4B7CD4B-0CF4-4C99-9456-FD859B202E5D}.Debug|Mixed Platforms.Build.0 = Debug|x86
		{C4B7CD4B-0CF4-4C99-9456-FD859B202E5D}.Debug|x86.ActiveCfg = Debug|x86
		{C4B7CD4B-0CF4-4C99-9456-FD859B202E5D}.Debug|x86.Build.0 = Debug|x86
		{C4B7CD4B-0CF4-4C99-9456-FD859B202E5D}.Release|Any CPU.ActiveCfg = Release|x86
		{C4B7CD4B-0CF4-4C99-9456-FD859B202E5D}.Release|Mixed Platforms.ActiveCfg = Release|x86
		{C4B7CD4B-0CF4-4C99-9456-FD859B202E5D}.Release|Mixed Platforms.Build.0 = Release|x86
		{C4B7CD4B-0CF4-4C99-9456-FD859B202E5D}.Release|x86.ActiveCfg = Release|x86
		{C4B7CD4B-0CF4-4C99-9456-FD859B202E5D}.Release|x86.Build.0 = Release|x86
		{5E7D5F87-5C24-4514-B20F-669C793E088F}.Debug|Any CPU.ActiveCfg = Debug|Any CPU
		{5E7D5F87-5C24-4514-B20F-669C793E088F}.Debug|Any CPU.Build.0 = Debug|Any CPU
		{5E7D5F87-5C24-4514-B20F-669C793E088F}.Debug|Mixed Platforms.ActiveCfg = Debug|Any CPU
		{5E7D5F87-5C24-4514-B20F-669C793E088F}.Debug|Mixed Platforms.Build.0 = Debug|Any CPU
		{5E7D5F87-5C24-4514-B20F-669C793E088F}.Debug|x86.ActiveCfg = Debug|Any CPU
		{5E7D5F87-5C24-4514-B20F-669C793E088F}.Release|Any CPU.ActiveCfg = Release|Any CPU
		{5E7D5F87-5C24-4514-B20F-669C793E088F}.Release|Any CPU.Build.0 = Release|Any CPU
		{5E7D5F87-5C24-4514-B20F-669C793E088F}.Release|Mixed Platforms.ActiveCfg = Release|Any CPU
		{5E7D5F87-5C24-4514-B20F-669C793E088F}.Release|Mixed Platforms.Build.0 = Release|Any CPU
		{5E7D5F87-5C24-4514-B20F-669C793E088F}.Release|x86.ActiveCfg = Release|Any CPU
	EndGlobalSection
	GlobalSection(SolutionProperties) = preSolution
		HideSolutionNode = FALSE
	EndGlobalSection
EndGlobal
