
Microsoft Visual Studio Solution File, Format Version 10.00
# Visual Studio 2008
Project("{F2A71F9B-5D33-465A-A702-920D77279786}") = "Chapter08_FSharp", "Chapter08_FSharp\Chapter08_FSharp (VS2008).fsproj", "{DDED3DCA-0199-4718-B4DC-EC8C65F2565F}"
EndProject
Project("{FAE04EC0-301F-11D3-BF4B-00C04F79EFBC}") = "Chapter08_CSharp", "Chapter08_CSharp\Chapter08_CSharp (VS2008).csproj", "{AB78C6E3-420E-4872-8DEC-9C755BE3809E}"
EndProject
Global
	GlobalSection(SolutionConfigurationPlatforms) = preSolution
		Debug|Any CPU = Debug|Any CPU
		Release|Any CPU = Release|Any CPU
	EndGlobalSection
	GlobalSection(ProjectConfigurationPlatforms) = postSolution
		{DDED3DCA-0199-4718-B4DC-EC8C65F2565F}.Debug|Any CPU.ActiveCfg = Debug|Any CPU
		{DDED3DCA-0199-4718-B4DC-EC8C65F2565F}.Debug|Any CPU.Build.0 = Debug|Any CPU
		{DDED3DCA-0199-4718-B4DC-EC8C65F2565F}.Release|Any CPU.ActiveCfg = Release|Any CPU
		{DDED3DCA-0199-4718-B4DC-EC8C65F2565F}.Release|Any CPU.Build.0 = Release|Any CPU
		{AB78C6E3-420E-4872-8DEC-9C755BE3809E}.Debug|Any CPU.ActiveCfg = Debug|Any CPU
		{AB78C6E3-420E-4872-8DEC-9C755BE3809E}.Debug|Any CPU.Build.0 = Debug|Any CPU
		{AB78C6E3-420E-4872-8DEC-9C755BE3809E}.Release|Any CPU.ActiveCfg = Release|Any CPU
		{AB78C6E3-420E-4872-8DEC-9C755BE3809E}.Release|Any CPU.Build.0 = Release|Any CPU
	EndGlobalSection
	GlobalSection(SolutionProperties) = preSolution
		HideSolutionNode = FALSE
	EndGlobalSection
EndGlobal
