
Microsoft Visual Studio Solution File, Format Version 11.00
# Visual Studio 2010
Project("{F2A71F9B-5D33-465A-A702-920D77279786}") = "Example1301", "Example01\Example1301.fsproj", "{DAE9F3B4-9213-48BA-BF9A-54CAFA73B236}"
EndProject
Project("{F2A71F9B-5D33-465A-A702-920D77279786}") = "Example1302", "Example02\Example1302.fsproj", "{EF996F6A-5D13-4E86-98F0-BE5F818AE3A8}"
EndProject
Project("{F2A71F9B-5D33-465A-A702-920D77279786}") = "Example1303", "Example03\Example1303.fsproj", "{A45145E2-C297-4D94-B6D3-8F78FAD7B236}"
EndProject
Project("{F2A71F9B-5D33-465A-A702-920D77279786}") = "Example1304", "Example04\Example1304.fsproj", "{D6B014F1-9D11-4DF6-B589-07775E6FE6F8}"
EndProject
Project("{F2A71F9B-5D33-465A-A702-920D77279786}") = "Example1305", "Example05\Example1305.fsproj", "{C386A717-64B5-42D4-A476-F79221F74194}"
EndProject
Project("{F2A71F9B-5D33-465A-A702-920D77279786}") = "Example1306", "Example06\Example1306.fsproj", "{51153148-8E61-479A-BCEF-079FC27FB50D}"
EndProject
Project("{F2A71F9B-5D33-465A-A702-920D77279786}") = "Example1307", "Example07\Example1307.fsproj", "{C392F8BB-4535-4E97-951E-09743EF5ED5D}"
EndProject
Project("{F2A71F9B-5D33-465A-A702-920D77279786}") = "Example1308", "Example08\Example1308.fsproj", "{D796D282-5DBE-4E4D-9909-0B5640952803}"
EndProject
Project("{F2A71F9B-5D33-465A-A702-920D77279786}") = "Example1309", "Example09\Example1309.fsproj", "{03B8F4B2-7DFC-48D4-88C8-44E8D08ACE26}"
EndProject
Project("{F2A71F9B-5D33-465A-A702-920D77279786}") = "Example1310", "Example10\Example1310.fsproj", "{820CEA84-5582-473E-A8C7-1B33F4AA0AA2}"
EndProject
Project("{F2A71F9B-5D33-465A-A702-920D77279786}") = "Example1311", "Example11\Example1311.fsproj", "{47A057DD-5E15-4607-886F-03441978C798}"
EndProject
Global
	GlobalSection(SolutionConfigurationPlatforms) = preSolution
		Debug|x86 = Debug|x86
		Release|x86 = Release|x86
	EndGlobalSection
	GlobalSection(ProjectConfigurationPlatforms) = postSolution
		{DAE9F3B4-9213-48BA-BF9A-54CAFA73B236}.Debug|x86.ActiveCfg = Debug|x86
		{DAE9F3B4-9213-48BA-BF9A-54CAFA73B236}.Debug|x86.Build.0 = Debug|x86
		{DAE9F3B4-9213-48BA-BF9A-54CAFA73B236}.Release|x86.ActiveCfg = Release|x86
		{DAE9F3B4-9213-48BA-BF9A-54CAFA73B236}.Release|x86.Build.0 = Release|x86
		{EF996F6A-5D13-4E86-98F0-BE5F818AE3A8}.Debug|x86.ActiveCfg = Debug|x86
		{EF996F6A-5D13-4E86-98F0-BE5F818AE3A8}.Debug|x86.Build.0 = Debug|x86
		{EF996F6A-5D13-4E86-98F0-BE5F818AE3A8}.Release|x86.ActiveCfg = Release|x86
		{EF996F6A-5D13-4E86-98F0-BE5F818AE3A8}.Release|x86.Build.0 = Release|x86
		{A45145E2-C297-4D94-B6D3-8F78FAD7B236}.Debug|x86.ActiveCfg = Debug|x86
		{A45145E2-C297-4D94-B6D3-8F78FAD7B236}.Debug|x86.Build.0 = Debug|x86
		{A45145E2-C297-4D94-B6D3-8F78FAD7B236}.Release|x86.ActiveCfg = Release|x86
		{A45145E2-C297-4D94-B6D3-8F78FAD7B236}.Release|x86.Build.0 = Release|x86
		{D6B014F1-9D11-4DF6-B589-07775E6FE6F8}.Debug|x86.ActiveCfg = Debug|x86
		{D6B014F1-9D11-4DF6-B589-07775E6FE6F8}.Debug|x86.Build.0 = Debug|x86
		{D6B014F1-9D11-4DF6-B589-07775E6FE6F8}.Release|x86.ActiveCfg = Release|x86
		{D6B014F1-9D11-4DF6-B589-07775E6FE6F8}.Release|x86.Build.0 = Release|x86
		{C386A717-64B5-42D4-A476-F79221F74194}.Debug|x86.ActiveCfg = Debug|x86
		{C386A717-64B5-42D4-A476-F79221F74194}.Debug|x86.Build.0 = Debug|x86
		{C386A717-64B5-42D4-A476-F79221F74194}.Release|x86.ActiveCfg = Release|x86
		{C386A717-64B5-42D4-A476-F79221F74194}.Release|x86.Build.0 = Release|x86
		{51153148-8E61-479A-BCEF-079FC27FB50D}.Debug|x86.ActiveCfg = Debug|x86
		{51153148-8E61-479A-BCEF-079FC27FB50D}.Debug|x86.Build.0 = Debug|x86
		{51153148-8E61-479A-BCEF-079FC27FB50D}.Release|x86.ActiveCfg = Release|x86
		{51153148-8E61-479A-BCEF-079FC27FB50D}.Release|x86.Build.0 = Release|x86
		{C392F8BB-4535-4E97-951E-09743EF5ED5D}.Debug|x86.ActiveCfg = Debug|x86
		{C392F8BB-4535-4E97-951E-09743EF5ED5D}.Debug|x86.Build.0 = Debug|x86
		{C392F8BB-4535-4E97-951E-09743EF5ED5D}.Release|x86.ActiveCfg = Release|x86
		{C392F8BB-4535-4E97-951E-09743EF5ED5D}.Release|x86.Build.0 = Release|x86
		{D796D282-5DBE-4E4D-9909-0B5640952803}.Debug|x86.ActiveCfg = Debug|x86
		{D796D282-5DBE-4E4D-9909-0B5640952803}.Debug|x86.Build.0 = Debug|x86
		{D796D282-5DBE-4E4D-9909-0B5640952803}.Release|x86.ActiveCfg = Release|x86
		{D796D282-5DBE-4E4D-9909-0B5640952803}.Release|x86.Build.0 = Release|x86
		{03B8F4B2-7DFC-48D4-88C8-44E8D08ACE26}.Debug|x86.ActiveCfg = Debug|x86
		{03B8F4B2-7DFC-48D4-88C8-44E8D08ACE26}.Debug|x86.Build.0 = Debug|x86
		{03B8F4B2-7DFC-48D4-88C8-44E8D08ACE26}.Release|x86.ActiveCfg = Release|x86
		{03B8F4B2-7DFC-48D4-88C8-44E8D08ACE26}.Release|x86.Build.0 = Release|x86
		{820CEA84-5582-473E-A8C7-1B33F4AA0AA2}.Debug|x86.ActiveCfg = Debug|x86
		{820CEA84-5582-473E-A8C7-1B33F4AA0AA2}.Debug|x86.Build.0 = Debug|x86
		{820CEA84-5582-473E-A8C7-1B33F4AA0AA2}.Release|x86.ActiveCfg = Release|x86
		{820CEA84-5582-473E-A8C7-1B33F4AA0AA2}.Release|x86.Build.0 = Release|x86
		{47A057DD-5E15-4607-886F-03441978C798}.Debug|x86.ActiveCfg = Debug|x86
		{47A057DD-5E15-4607-886F-03441978C798}.Debug|x86.Build.0 = Debug|x86
		{47A057DD-5E15-4607-886F-03441978C798}.Release|x86.ActiveCfg = Release|x86
		{47A057DD-5E15-4607-886F-03441978C798}.Release|x86.Build.0 = Release|x86
	EndGlobalSection
	GlobalSection(SolutionProperties) = preSolution
		HideSolutionNode = FALSE
	EndGlobalSection
EndGlobal
