
Microsoft Visual Studio Solution File, Format Version 10.00
# Visual Studio 2008
Project("{FAE04EC0-301F-11D3-BF4B-00C04F79EFBC}") = "Chapter01_CSharp", "Chapter01_CSharp\Chapter01_CSharp (VS2008).csproj", "{70DFFD16-0231-49B5-ACFA-E9246AAD2231}"
EndProject
Project("{F2A71F9B-5D33-465A-A702-920D77279786}") = "Chapter01_FSharp", "Chapter01_FSharp\Chapter01_FSharp (VS2008).fsproj", "{C3366578-061D-46CF-9F55-6F361A4C43AA}"
EndProject
Project("{FAE04EC0-301F-11D3-BF4B-00C04F79EFBC}") = "Chapter01_XAML", "Chapter01_XAML\Chapter01_XAML (VS2008).csproj", "{095FF9B4-09C2-4FED-AD5A-D43D74C4B437}"
EndProject
Global
	GlobalSection(SolutionConfigurationPlatforms) = preSolution
		Debug|Any CPU = Debug|Any CPU
		Debug|Mixed Platforms = Debug|Mixed Platforms
		Debug|Win32 = Debug|Win32
		Release|Any CPU = Release|Any CPU
		Release|Mixed Platforms = Release|Mixed Platforms
		Release|Win32 = Release|Win32
	EndGlobalSection
	GlobalSection(ProjectConfigurationPlatforms) = postSolution
		{70DFFD16-0231-49B5-ACFA-E9246AAD2231}.Debug|Any CPU.ActiveCfg = Debug|Any CPU
		{70DFFD16-0231-49B5-ACFA-E9246AAD2231}.Debug|Any CPU.Build.0 = Debug|Any CPU
		{70DFFD16-0231-49B5-ACFA-E9246AAD2231}.Debug|Mixed Platforms.ActiveCfg = Debug|Any CPU
		{70DFFD16-0231-49B5-ACFA-E9246AAD2231}.Debug|Mixed Platforms.Build.0 = Debug|Any CPU
		{70DFFD16-0231-49B5-ACFA-E9246AAD2231}.Debug|Win32.ActiveCfg = Debug|Any CPU
		{70DFFD16-0231-49B5-ACFA-E9246AAD2231}.Release|Any CPU.ActiveCfg = Release|Any CPU
		{70DFFD16-0231-49B5-ACFA-E9246AAD2231}.Release|Any CPU.Build.0 = Release|Any CPU
		{70DFFD16-0231-49B5-ACFA-E9246AAD2231}.Release|Mixed Platforms.ActiveCfg = Release|Any CPU
		{70DFFD16-0231-49B5-ACFA-E9246AAD2231}.Release|Mixed Platforms.Build.0 = Release|Any CPU
		{70DFFD16-0231-49B5-ACFA-E9246AAD2231}.Release|Win32.ActiveCfg = Release|Any CPU
		{C3366578-061D-46CF-9F55-6F361A4C43AA}.Debug|Any CPU.ActiveCfg = Debug|Any CPU
		{C3366578-061D-46CF-9F55-6F361A4C43AA}.Debug|Any CPU.Build.0 = Debug|Any CPU
		{C3366578-061D-46CF-9F55-6F361A4C43AA}.Debug|Mixed Platforms.ActiveCfg = Debug|Any CPU
		{C3366578-061D-46CF-9F55-6F361A4C43AA}.Debug|Mixed Platforms.Build.0 = Debug|Any CPU
		{C3366578-061D-46CF-9F55-6F361A4C43AA}.Debug|Win32.ActiveCfg = Debug|Any CPU
		{C3366578-061D-46CF-9F55-6F361A4C43AA}.Release|Any CPU.ActiveCfg = Release|Any CPU
		{C3366578-061D-46CF-9F55-6F361A4C43AA}.Release|Any CPU.Build.0 = Release|Any CPU
		{C3366578-061D-46CF-9F55-6F361A4C43AA}.Release|Mixed Platforms.ActiveCfg = Release|Any CPU
		{C3366578-061D-46CF-9F55-6F361A4C43AA}.Release|Mixed Platforms.Build.0 = Release|Any CPU
		{C3366578-061D-46CF-9F55-6F361A4C43AA}.Release|Win32.ActiveCfg = Release|Any CPU
		{095FF9B4-09C2-4FED-AD5A-D43D74C4B437}.Debug|Any CPU.ActiveCfg = Debug|Any CPU
		{095FF9B4-09C2-4FED-AD5A-D43D74C4B437}.Debug|Any CPU.Build.0 = Debug|Any CPU
		{095FF9B4-09C2-4FED-AD5A-D43D74C4B437}.Debug|Mixed Platforms.ActiveCfg = Debug|Any CPU
		{095FF9B4-09C2-4FED-AD5A-D43D74C4B437}.Debug|Mixed Platforms.Build.0 = Debug|Any CPU
		{095FF9B4-09C2-4FED-AD5A-D43D74C4B437}.Debug|Win32.ActiveCfg = Debug|Any CPU
		{095FF9B4-09C2-4FED-AD5A-D43D74C4B437}.Release|Any CPU.ActiveCfg = Release|Any CPU
		{095FF9B4-09C2-4FED-AD5A-D43D74C4B437}.Release|Any CPU.Build.0 = Release|Any CPU
		{095FF9B4-09C2-4FED-AD5A-D43D74C4B437}.Release|Mixed Platforms.ActiveCfg = Release|Any CPU
		{095FF9B4-09C2-4FED-AD5A-D43D74C4B437}.Release|Mixed Platforms.Build.0 = Release|Any CPU
		{095FF9B4-09C2-4FED-AD5A-D43D74C4B437}.Release|Win32.ActiveCfg = Release|Any CPU
	EndGlobalSection
	GlobalSection(SolutionProperties) = preSolution
		HideSolutionNode = FALSE
	EndGlobalSection
EndGlobal
